
Microsoft Visual Studio Solution File, Format Version 12.00
# Visual Studio 14
VisualStudioVersion = 14.0.25420.1
MinimumVisualStudioVersion = 10.0.40219.1
Project("{2150E333-8FDC-42A3-9474-1A3956D46DE8}") = "Streams", "Streams", "{F38D010B-6F74-4B4C-8A99-0A84697BBCC3}"
EndProject
Project("{2150E333-8FDC-42A3-9474-1A3956D46DE8}") = "States", "States", "{71C7A870-8740-491E-A6DB-04ACFB3FC680}"
EndProject
Project("{2150E333-8FDC-42A3-9474-1A3956D46DE8}") = "Interactors", "Interactors", "{960F08BF-1199-4B93-9AF5-7488A121122C}"
EndProject
Project("{2150E333-8FDC-42A3-9474-1A3956D46DE8}") = "VirtualWindows", "VirtualWindows", "{4B5B610E-0B88-42A4-B110-ED0DF6FF352D}"
EndProject
Project("{2150E333-8FDC-42A3-9474-1A3956D46DE8}") = "Wpf", "Wpf", "{05F80694-3000-4139-8945-47833FCF91A2}"
EndProject
Project("{FAE04EC0-301F-11D3-BF4B-00C04F79EFBC}") = "Interaction_Interactors_101", "Interactors\Interaction_Interactors_101\Interaction_Interactors_101.csproj", "{267C8E6F-5C98-42D6-877B-AF64A9E9AE45}"
EndProject
Project("{FAE04EC0-301F-11D3-BF4B-00C04F79EFBC}") = "Interaction_Interactors_102", "Interactors\Interaction_Interactors_102\Interaction_Interactors_102.csproj", "{65E94A02-0022-4E08-A76A-F823AEF99627}"
EndProject
Project("{FAE04EC0-301F-11D3-BF4B-00C04F79EFBC}") = "Interaction_States_101", "States\Interaction_States_101\Interaction_States_101.csproj", "{F3A72229-D1F7-4169-845D-5EDCF75FA1FA}"
EndProject
Project("{FAE04EC0-301F-11D3-BF4B-00C04F79EFBC}") = "Interaction_States_102", "States\Interaction_States_102\Interaction_States_102.csproj", "{B4F8E4A1-5842-46AC-9ED4-25C26B267855}"
EndProject
Project("{FAE04EC0-301F-11D3-BF4B-00C04F79EFBC}") = "Interaction_Streams_101", "Streams\Interaction_Streams_101\Interaction_Streams_101.csproj", "{EFA73BE3-A705-4FF7-A4D7-E8DBC888A96F}"
EndProject
Project("{FAE04EC0-301F-11D3-BF4B-00C04F79EFBC}") = "Interaction_Streams_102", "Streams\Interaction_Streams_102\Interaction_Streams_102.csproj", "{98C478CA-1541-4F12-8E3C-9DB2D6FF6A91}"
EndProject
Project("{FAE04EC0-301F-11D3-BF4B-00C04F79EFBC}") = "Interaction_Streams_103", "Streams\Interaction_Streams_103\Interaction_Streams_103.csproj", "{0FECD8B7-E66B-4CB4-A1FC-BB0003231E9D}"
EndProject
Project("{FAE04EC0-301F-11D3-BF4B-00C04F79EFBC}") = "Interaction_VirtualWindows_101", "VirtualWindows\Interaction_VirtualWindows_101\Interaction_VirtualWindows_101.csproj", "{096DE493-476E-4589-9B99-9BEF13D24201}"
EndProject
Project("{FAE04EC0-301F-11D3-BF4B-00C04F79EFBC}") = "Interaction_Wpf_101", "Wpf\Interaction_Wpf_101\Interaction_Wpf_101.csproj", "{5360C51A-2FFB-4F9A-8948-3B20440469DB}"
EndProject
Global
	GlobalSection(SolutionConfigurationPlatforms) = preSolution
		Debug|Any CPU = Debug|Any CPU
		Debug|x86 = Debug|x86
		Release|Any CPU = Release|Any CPU
		Release|x86 = Release|x86
	EndGlobalSection
	GlobalSection(ProjectConfigurationPlatforms) = postSolution
		{267C8E6F-5C98-42D6-877B-AF64A9E9AE45}.Debug|Any CPU.ActiveCfg = Debug|Any CPU
		{267C8E6F-5C98-42D6-877B-AF64A9E9AE45}.Debug|Any CPU.Build.0 = Debug|Any CPU
		{267C8E6F-5C98-42D6-877B-AF64A9E9AE45}.Debug|x86.ActiveCfg = Debug|x86
		{267C8E6F-5C98-42D6-877B-AF64A9E9AE45}.Debug|x86.Build.0 = Debug|x86
		{267C8E6F-5C98-42D6-877B-AF64A9E9AE45}.Release|Any CPU.ActiveCfg = Release|Any CPU
		{267C8E6F-5C98-42D6-877B-AF64A9E9AE45}.Release|Any CPU.Build.0 = Release|Any CPU
		{267C8E6F-5C98-42D6-877B-AF64A9E9AE45}.Release|x86.ActiveCfg = Release|x86
		{267C8E6F-5C98-42D6-877B-AF64A9E9AE45}.Release|x86.Build.0 = Release|x86
		{65E94A02-0022-4E08-A76A-F823AEF99627}.Debug|Any CPU.ActiveCfg = Debug|Any CPU
		{65E94A02-0022-4E08-A76A-F823AEF99627}.Debug|Any CPU.Build.0 = Debug|Any CPU
		{65E94A02-0022-4E08-A76A-F823AEF99627}.Debug|x86.ActiveCfg = Debug|x86
		{65E94A02-0022-4E08-A76A-F823AEF99627}.Debug|x86.Build.0 = Debug|x86
		{65E94A02-0022-4E08-A76A-F823AEF99627}.Release|Any CPU.ActiveCfg = Release|Any CPU
		{65E94A02-0022-4E08-A76A-F823AEF99627}.Release|Any CPU.Build.0 = Release|Any CPU
		{65E94A02-0022-4E08-A76A-F823AEF99627}.Release|x86.ActiveCfg = Release|x86
		{65E94A02-0022-4E08-A76A-F823AEF99627}.Release|x86.Build.0 = Release|x86
		{F3A72229-D1F7-4169-845D-5EDCF75FA1FA}.Debug|Any CPU.ActiveCfg = Debug|Any CPU
		{F3A72229-D1F7-4169-845D-5EDCF75FA1FA}.Debug|Any CPU.Build.0 = Debug|Any CPU
		{F3A72229-D1F7-4169-845D-5EDCF75FA1FA}.Debug|x86.ActiveCfg = Debug|x86
		{F3A72229-D1F7-4169-845D-5EDCF75FA1FA}.Debug|x86.Build.0 = Debug|x86
		{F3A72229-D1F7-4169-845D-5EDCF75FA1FA}.Release|Any CPU.ActiveCfg = Release|Any CPU
		{F3A72229-D1F7-4169-845D-5EDCF75FA1FA}.Release|Any CPU.Build.0 = Release|Any CPU
		{F3A72229-D1F7-4169-845D-5EDCF75FA1FA}.Release|x86.ActiveCfg = Release|x86
		{F3A72229-D1F7-4169-845D-5EDCF75FA1FA}.Release|x86.Build.0 = Release|x86
		{B4F8E4A1-5842-46AC-9ED4-25C26B267855}.Debug|Any CPU.ActiveCfg = Debug|Any CPU
		{B4F8E4A1-5842-46AC-9ED4-25C26B267855}.Debug|Any CPU.Build.0 = Debug|Any CPU
		{B4F8E4A1-5842-46AC-9ED4-25C26B267855}.Debug|x86.ActiveCfg = Debug|x86
		{B4F8E4A1-5842-46AC-9ED4-25C26B267855}.Debug|x86.Build.0 = Debug|x86
		{B4F8E4A1-5842-46AC-9ED4-25C26B267855}.Release|Any CPU.ActiveCfg = Release|Any CPU
		{B4F8E4A1-5842-46AC-9ED4-25C26B267855}.Release|Any CPU.Build.0 = Release|Any CPU
		{B4F8E4A1-5842-46AC-9ED4-25C26B267855}.Release|x86.ActiveCfg = Release|x86
		{B4F8E4A1-5842-46AC-9ED4-25C26B267855}.Release|x86.Build.0 = Release|x86
		{EFA73BE3-A705-4FF7-A4D7-E8DBC888A96F}.Debug|Any CPU.ActiveCfg = Debug|Any CPU
		{EFA73BE3-A705-4FF7-A4D7-E8DBC888A96F}.Debug|Any CPU.Build.0 = Debug|Any CPU
		{EFA73BE3-A705-4FF7-A4D7-E8DBC888A96F}.Debug|x86.ActiveCfg = Debug|x86
		{EFA73BE3-A705-4FF7-A4D7-E8DBC888A96F}.Debug|x86.Build.0 = Debug|x86
		{EFA73BE3-A705-4FF7-A4D7-E8DBC888A96F}.Release|Any CPU.ActiveCfg = Release|Any CPU
		{EFA73BE3-A705-4FF7-A4D7-E8DBC888A96F}.Release|Any CPU.Build.0 = Release|Any CPU
		{EFA73BE3-A705-4FF7-A4D7-E8DBC888A96F}.Release|x86.ActiveCfg = Release|x86
		{EFA73BE3-A705-4FF7-A4D7-E8DBC888A96F}.Release|x86.Build.0 = Release|x86
		{98C478CA-1541-4F12-8E3C-9DB2D6FF6A91}.Debug|Any CPU.ActiveCfg = Debug|Any CPU
		{98C478CA-1541-4F12-8E3C-9DB2D6FF6A91}.Debug|Any CPU.Build.0 = Debug|Any CPU
		{98C478CA-1541-4F12-8E3C-9DB2D6FF6A91}.Debug|x86.ActiveCfg = Debug|x86
		{98C478CA-1541-4F12-8E3C-9DB2D6FF6A91}.Debug|x86.Build.0 = Debug|x86
		{98C478CA-1541-4F12-8E3C-9DB2D6FF6A91}.Release|Any CPU.ActiveCfg = Release|Any CPU
		{98C478CA-1541-4F12-8E3C-9DB2D6FF6A91}.Release|Any CPU.Build.0 = Release|Any CPU
		{98C478CA-1541-4F12-8E3C-9DB2D6FF6A91}.Release|x86.ActiveCfg = Release|x86
		{98C478CA-1541-4F12-8E3C-9DB2D6FF6A91}.Release|x86.Build.0 = Release|x86
		{0FECD8B7-E66B-4CB4-A1FC-BB0003231E9D}.Debug|Any CPU.ActiveCfg = Debug|Any CPU
		{0FECD8B7-E66B-4CB4-A1FC-BB0003231E9D}.Debug|Any CPU.Build.0 = Debug|Any CPU
		{0FECD8B7-E66B-4CB4-A1FC-BB0003231E9D}.Debug|x86.ActiveCfg = Debug|x86
		{0FECD8B7-E66B-4CB4-A1FC-BB0003231E9D}.Debug|x86.Build.0 = Debug|x86
		{0FECD8B7-E66B-4CB4-A1FC-BB0003231E9D}.Release|Any CPU.ActiveCfg = Release|Any CPU
		{0FECD8B7-E66B-4CB4-A1FC-BB0003231E9D}.Release|Any CPU.Build.0 = Release|Any CPU
		{0FECD8B7-E66B-4CB4-A1FC-BB0003231E9D}.Release|x86.ActiveCfg = Release|x86
		{0FECD8B7-E66B-4CB4-A1FC-BB0003231E9D}.Release|x86.Build.0 = Release|x86
		{096DE493-476E-4589-9B99-9BEF13D24201}.Debug|Any CPU.ActiveCfg = Debug|Any CPU
		{096DE493-476E-4589-9B99-9BEF13D24201}.Debug|Any CPU.Build.0 = Debug|Any CPU
		{096DE493-476E-4589-9B99-9BEF13D24201}.Debug|x86.ActiveCfg = Debug|x86
		{096DE493-476E-4589-9B99-9BEF13D24201}.Debug|x86.Build.0 = Debug|x86
		{096DE493-476E-4589-9B99-9BEF13D24201}.Release|Any CPU.ActiveCfg = Release|Any CPU
		{096DE493-476E-4589-9B99-9BEF13D24201}.Release|Any CPU.Build.0 = Release|Any CPU
		{096DE493-476E-4589-9B99-9BEF13D24201}.Release|x86.ActiveCfg = Release|x86
		{096DE493-476E-4589-9B99-9BEF13D24201}.Release|x86.Build.0 = Release|x86
		{5360C51A-2FFB-4F9A-8948-3B20440469DB}.Debug|Any CPU.ActiveCfg = Debug|Any CPU
		{5360C51A-2FFB-4F9A-8948-3B20440469DB}.Debug|Any CPU.Build.0 = Debug|Any CPU
		{5360C51A-2FFB-4F9A-8948-3B20440469DB}.Debug|x86.ActiveCfg = Debug|x86
		{5360C51A-2FFB-4F9A-8948-3B20440469DB}.Debug|x86.Build.0 = Debug|x86
		{5360C51A-2FFB-4F9A-8948-3B20440469DB}.Release|Any CPU.ActiveCfg = Release|Any CPU
		{5360C51A-2FFB-4F9A-8948-3B20440469DB}.Release|Any CPU.Build.0 = Release|Any CPU
		{5360C51A-2FFB-4F9A-8948-3B20440469DB}.Release|x86.ActiveCfg = Release|x86
		{5360C51A-2FFB-4F9A-8948-3B20440469DB}.Release|x86.Build.0 = Release|x86
	EndGlobalSection
	GlobalSection(SolutionProperties) = preSolution
		HideSolutionNode = FALSE
	EndGlobalSection
	GlobalSection(NestedProjects) = preSolution
		{267C8E6F-5C98-42D6-877B-AF64A9E9AE45} = {960F08BF-1199-4B93-9AF5-7488A121122C}
		{65E94A02-0022-4E08-A76A-F823AEF99627} = {960F08BF-1199-4B93-9AF5-7488A121122C}
		{F3A72229-D1F7-4169-845D-5EDCF75FA1FA} = {71C7A870-8740-491E-A6DB-04ACFB3FC680}
		{B4F8E4A1-5842-46AC-9ED4-25C26B267855} = {71C7A870-8740-491E-A6DB-04ACFB3FC680}
		{EFA73BE3-A705-4FF7-A4D7-E8DBC888A96F} = {F38D010B-6F74-4B4C-8A99-0A84697BBCC3}
		{98C478CA-1541-4F12-8E3C-9DB2D6FF6A91} = {F38D010B-6F74-4B4C-8A99-0A84697BBCC3}
		{0FECD8B7-E66B-4CB4-A1FC-BB0003231E9D} = {F38D010B-6F74-4B4C-8A99-0A84697BBCC3}
		{096DE493-476E-4589-9B99-9BEF13D24201} = {4B5B610E-0B88-42A4-B110-ED0DF6FF352D}
		{5360C51A-2FFB-4F9A-8948-3B20440469DB} = {05F80694-3000-4139-8945-47833FCF91A2}
	EndGlobalSection
EndGlobal
